
Microsoft Visual Studio Solution File, Format Version 12.00
# Visual Studio Version 16
VisualStudioVersion = 16.0.31321.278
MinimumVisualStudioVersion = 10.0.40219.1
Project("{FAE04EC0-301F-11D3-BF4B-00C04F79EFBC}") = "AuthZeroBlazorServer", "AuthZeroBlazorServer\AuthZeroBlazorServer.csproj", "{AB33BBA8-8220-4FBB-938F-2B4BC66C7EA2}"
EndProject
Global
	GlobalSection(SolutionConfigurationPlatforms) = preSolution
		Debug|Any CPU = Debug|Any CPU
		Release|Any CPU = Release|Any CPU
	EndGlobalSection
	GlobalSection(ProjectConfigurationPlatforms) = postSolution
		{AB33BBA8-8220-4FBB-938F-2B4BC66C7EA2}.Debug|Any CPU.ActiveCfg = Debug|Any CPU
		{AB33BBA8-8220-4FBB-938F-2B4BC66C7EA2}.Debug|Any CPU.Build.0 = Debug|Any CPU
		{AB33BBA8-8220-4FBB-938F-2B4BC66C7EA2}.Release|Any CPU.ActiveCfg = Release|Any CPU
		{AB33BBA8-8220-4FBB-938F-2B4BC66C7EA2}.Release|Any CPU.Build.0 = Release|Any CPU
	EndGlobalSection
	GlobalSection(SolutionProperties) = preSolution
		HideSolutionNode = FALSE
	EndGlobalSection
	GlobalSection(ExtensibilityGlobals) = postSolution
		SolutionGuid = {73F2BB19-EEF0-4F4D-A4BF-8875D2CA79C1}
	EndGlobalSection
EndGlobal
